
Microsoft Visual Studio Solution File, Format Version 12.00
# Visual Studio 15
VisualStudioVersion = 15.0.27428.2037
MinimumVisualStudioVersion = 10.0.40219.1
Project("{FAE04EC0-301F-11D3-BF4B-00C04F79EFBC}") = "SignalR", "SignalR\SignalR.csproj", "{AC3432B5-7A84-4F9F-897F-CE517C73E747}"
EndProject
Project("{9A19103F-16F7-4668-BE54-9A1E7A4F7556}") = "ML", "ML\ML.csproj", "{68244645-7F83-410E-82F6-5E6129597799}"
EndProject
Project("{2150E333-8FDC-42A3-9474-1A3956D46DE8}") = "Configuration", "Configuration", "{4403EAF3-2260-4EE2-8CBC-BCC60575A240}"
EndProject
Project("{9A19103F-16F7-4668-BE54-9A1E7A4F7556}") = "CommandLineSample", "CommandLineSample\CommandLineSample.csproj", "{4D37612F-D284-4067-BA40-A97E53CC386B}"
EndProject
Project("{9A19103F-16F7-4668-BE54-9A1E7A4F7556}") = "JsonFile", "JsonFile\JsonFile.csproj", "{C9E794C2-77FC-41F1-9FB7-DCB5D3EC81F1}"
EndProject
Project("{9A19103F-16F7-4668-BE54-9A1E7A4F7556}") = "OptonBingSample", "OptonBingSample\OptonBingSample.csproj", "{5AB4D695-6C76-46B0-B67D-BAA05E5DA5F4}"
EndProject
Project("{2150E333-8FDC-42A3-9474-1A3956D46DE8}") = "EventBus", "EventBus", "{51E0C5B5-A36E-4BEF-B97D-AB234CAA4BE2}"
EndProject
Project("{9A19103F-16F7-4668-BE54-9A1E7A4F7556}") = "RabbitMQ", "RabbitMQ\RabbitMQ.csproj", "{81EAE110-725E-420C-896B-6758C94E0DF0}"
EndProject
Project("{2150E333-8FDC-42A3-9474-1A3956D46DE8}") = "服务注册", "服务注册", "{1032FE6E-DEB2-42F5-819D-81EB099F52BC}"
EndProject
Project("{9A19103F-16F7-4668-BE54-9A1E7A4F7556}") = "ConsulDemo", "ConsulDemo\ConsulDemo.csproj", "{9156F3D7-93DB-452B-8BA7-7FAA9C239D6B}"
EndProject
Project("{2150E333-8FDC-42A3-9474-1A3956D46DE8}") = "Gateway", "Gateway", "{86B1C091-A46C-4CE5-A088-0409F86443F3}"
EndProject
Project("{9A19103F-16F7-4668-BE54-9A1E7A4F7556}") = "api1", "api1\api1.csproj", "{E3871E86-D616-4DF1-9468-51918B518BC3}"
EndProject
Project("{9A19103F-16F7-4668-BE54-9A1E7A4F7556}") = "api2", "api2\api2.csproj", "{DD2B3992-420E-4E32-8854-9FC0B7A8B3DE}"
EndProject
Project("{9A19103F-16F7-4668-BE54-9A1E7A4F7556}") = "ConsulDiscovery", "ConsulDiscovery\ConsulDiscovery.csproj", "{9F3C38E8-13F9-4D0E-BA96-D480C95E2C82}"
EndProject
Project("{9A19103F-16F7-4668-BE54-9A1E7A4F7556}") = "Gateway", "WebApplication1\Gateway.csproj", "{549F040A-07A3-4F59-9D87-5662282F6012}"
EndProject
Project("{9A19103F-16F7-4668-BE54-9A1E7A4F7556}") = "api3", "api3\api3.csproj", "{D91D8785-C498-4E0F-8260-F18FC46B4783}"
EndProject
Project("{2150E333-8FDC-42A3-9474-1A3956D46DE8}") = "Swagger", "Swagger", "{DC9C32B8-3AAE-48BD-9365-AEE6A4E277AF}"
EndProject
Project("{FAE04EC0-301F-11D3-BF4B-00C04F79EFBC}") = "ApiSwaggerDemo", "ApiSwaggerDemo\ApiSwaggerDemo.csproj", "{83C68D2C-0FA8-4C41-A647-55362D5D10DA}"
EndProject
Project("{FAE04EC0-301F-11D3-BF4B-00C04F79EFBC}") = "Clients", "Clients\Clients.csproj", "{6027C34F-2C9C-4583-AC95-FB964DC468DA}"
EndProject
Project("{2150E333-8FDC-42A3-9474-1A3956D46DE8}") = "性能监控", "性能监控", "{0442BBED-394D-4051-9A4C-7131D8EBE836}"
EndProject
Global
	GlobalSection(SolutionConfigurationPlatforms) = preSolution
		Debug|Any CPU = Debug|Any CPU
		Release|Any CPU = Release|Any CPU
	EndGlobalSection
	GlobalSection(ProjectConfigurationPlatforms) = postSolution
		{AC3432B5-7A84-4F9F-897F-CE517C73E747}.Debug|Any CPU.ActiveCfg = Debug|Any CPU
		{AC3432B5-7A84-4F9F-897F-CE517C73E747}.Debug|Any CPU.Build.0 = Debug|Any CPU
		{AC3432B5-7A84-4F9F-897F-CE517C73E747}.Release|Any CPU.ActiveCfg = Release|Any CPU
		{AC3432B5-7A84-4F9F-897F-CE517C73E747}.Release|Any CPU.Build.0 = Release|Any CPU
		{68244645-7F83-410E-82F6-5E6129597799}.Debug|Any CPU.ActiveCfg = Debug|Any CPU
		{68244645-7F83-410E-82F6-5E6129597799}.Debug|Any CPU.Build.0 = Debug|Any CPU
		{68244645-7F83-410E-82F6-5E6129597799}.Release|Any CPU.ActiveCfg = Release|Any CPU
		{68244645-7F83-410E-82F6-5E6129597799}.Release|Any CPU.Build.0 = Release|Any CPU
		{4D37612F-D284-4067-BA40-A97E53CC386B}.Debug|Any CPU.ActiveCfg = Debug|Any CPU
		{4D37612F-D284-4067-BA40-A97E53CC386B}.Debug|Any CPU.Build.0 = Debug|Any CPU
		{4D37612F-D284-4067-BA40-A97E53CC386B}.Release|Any CPU.ActiveCfg = Release|Any CPU
		{4D37612F-D284-4067-BA40-A97E53CC386B}.Release|Any CPU.Build.0 = Release|Any CPU
		{C9E794C2-77FC-41F1-9FB7-DCB5D3EC81F1}.Debug|Any CPU.ActiveCfg = Debug|Any CPU
		{C9E794C2-77FC-41F1-9FB7-DCB5D3EC81F1}.Debug|Any CPU.Build.0 = Debug|Any CPU
		{C9E794C2-77FC-41F1-9FB7-DCB5D3EC81F1}.Release|Any CPU.ActiveCfg = Release|Any CPU
		{C9E794C2-77FC-41F1-9FB7-DCB5D3EC81F1}.Release|Any CPU.Build.0 = Release|Any CPU
		{5AB4D695-6C76-46B0-B67D-BAA05E5DA5F4}.Debug|Any CPU.ActiveCfg = Debug|Any CPU
		{5AB4D695-6C76-46B0-B67D-BAA05E5DA5F4}.Debug|Any CPU.Build.0 = Debug|Any CPU
		{5AB4D695-6C76-46B0-B67D-BAA05E5DA5F4}.Release|Any CPU.ActiveCfg = Release|Any CPU
		{5AB4D695-6C76-46B0-B67D-BAA05E5DA5F4}.Release|Any CPU.Build.0 = Release|Any CPU
		{81EAE110-725E-420C-896B-6758C94E0DF0}.Debug|Any CPU.ActiveCfg = Debug|Any CPU
		{81EAE110-725E-420C-896B-6758C94E0DF0}.Debug|Any CPU.Build.0 = Debug|Any CPU
		{81EAE110-725E-420C-896B-6758C94E0DF0}.Release|Any CPU.ActiveCfg = Release|Any CPU
		{81EAE110-725E-420C-896B-6758C94E0DF0}.Release|Any CPU.Build.0 = Release|Any CPU
		{9156F3D7-93DB-452B-8BA7-7FAA9C239D6B}.Debug|Any CPU.ActiveCfg = Debug|Any CPU
		{9156F3D7-93DB-452B-8BA7-7FAA9C239D6B}.Debug|Any CPU.Build.0 = Debug|Any CPU
		{9156F3D7-93DB-452B-8BA7-7FAA9C239D6B}.Release|Any CPU.ActiveCfg = Release|Any CPU
		{9156F3D7-93DB-452B-8BA7-7FAA9C239D6B}.Release|Any CPU.Build.0 = Release|Any CPU
		{E3871E86-D616-4DF1-9468-51918B518BC3}.Debug|Any CPU.ActiveCfg = Debug|Any CPU
		{E3871E86-D616-4DF1-9468-51918B518BC3}.Debug|Any CPU.Build.0 = Debug|Any CPU
		{E3871E86-D616-4DF1-9468-51918B518BC3}.Release|Any CPU.ActiveCfg = Release|Any CPU
		{E3871E86-D616-4DF1-9468-51918B518BC3}.Release|Any CPU.Build.0 = Release|Any CPU
		{DD2B3992-420E-4E32-8854-9FC0B7A8B3DE}.Debug|Any CPU.ActiveCfg = Debug|Any CPU
		{DD2B3992-420E-4E32-8854-9FC0B7A8B3DE}.Debug|Any CPU.Build.0 = Debug|Any CPU
		{DD2B3992-420E-4E32-8854-9FC0B7A8B3DE}.Release|Any CPU.ActiveCfg = Release|Any CPU
		{DD2B3992-420E-4E32-8854-9FC0B7A8B3DE}.Release|Any CPU.Build.0 = Release|Any CPU
		{9F3C38E8-13F9-4D0E-BA96-D480C95E2C82}.Debug|Any CPU.ActiveCfg = Debug|Any CPU
		{9F3C38E8-13F9-4D0E-BA96-D480C95E2C82}.Debug|Any CPU.Build.0 = Debug|Any CPU
		{9F3C38E8-13F9-4D0E-BA96-D480C95E2C82}.Release|Any CPU.ActiveCfg = Release|Any CPU
		{9F3C38E8-13F9-4D0E-BA96-D480C95E2C82}.Release|Any CPU.Build.0 = Release|Any CPU
		{549F040A-07A3-4F59-9D87-5662282F6012}.Debug|Any CPU.ActiveCfg = Debug|Any CPU
		{549F040A-07A3-4F59-9D87-5662282F6012}.Debug|Any CPU.Build.0 = Debug|Any CPU
		{549F040A-07A3-4F59-9D87-5662282F6012}.Release|Any CPU.ActiveCfg = Release|Any CPU
		{549F040A-07A3-4F59-9D87-5662282F6012}.Release|Any CPU.Build.0 = Release|Any CPU
		{D91D8785-C498-4E0F-8260-F18FC46B4783}.Debug|Any CPU.ActiveCfg = Debug|Any CPU
		{D91D8785-C498-4E0F-8260-F18FC46B4783}.Debug|Any CPU.Build.0 = Debug|Any CPU
		{D91D8785-C498-4E0F-8260-F18FC46B4783}.Release|Any CPU.ActiveCfg = Release|Any CPU
		{D91D8785-C498-4E0F-8260-F18FC46B4783}.Release|Any CPU.Build.0 = Release|Any CPU
		{83C68D2C-0FA8-4C41-A647-55362D5D10DA}.Debug|Any CPU.ActiveCfg = Debug|Any CPU
		{83C68D2C-0FA8-4C41-A647-55362D5D10DA}.Debug|Any CPU.Build.0 = Debug|Any CPU
		{83C68D2C-0FA8-4C41-A647-55362D5D10DA}.Release|Any CPU.ActiveCfg = Release|Any CPU
		{83C68D2C-0FA8-4C41-A647-55362D5D10DA}.Release|Any CPU.Build.0 = Release|Any CPU
		{6027C34F-2C9C-4583-AC95-FB964DC468DA}.Debug|Any CPU.ActiveCfg = Debug|Any CPU
		{6027C34F-2C9C-4583-AC95-FB964DC468DA}.Debug|Any CPU.Build.0 = Debug|Any CPU
		{6027C34F-2C9C-4583-AC95-FB964DC468DA}.Release|Any CPU.ActiveCfg = Release|Any CPU
		{6027C34F-2C9C-4583-AC95-FB964DC468DA}.Release|Any CPU.Build.0 = Release|Any CPU
	EndGlobalSection
	GlobalSection(SolutionProperties) = preSolution
		HideSolutionNode = FALSE
	EndGlobalSection
	GlobalSection(NestedProjects) = preSolution
		{4D37612F-D284-4067-BA40-A97E53CC386B} = {4403EAF3-2260-4EE2-8CBC-BCC60575A240}
		{C9E794C2-77FC-41F1-9FB7-DCB5D3EC81F1} = {4403EAF3-2260-4EE2-8CBC-BCC60575A240}
		{5AB4D695-6C76-46B0-B67D-BAA05E5DA5F4} = {4403EAF3-2260-4EE2-8CBC-BCC60575A240}
		{81EAE110-725E-420C-896B-6758C94E0DF0} = {51E0C5B5-A36E-4BEF-B97D-AB234CAA4BE2}
		{9156F3D7-93DB-452B-8BA7-7FAA9C239D6B} = {1032FE6E-DEB2-42F5-819D-81EB099F52BC}
		{E3871E86-D616-4DF1-9468-51918B518BC3} = {86B1C091-A46C-4CE5-A088-0409F86443F3}
		{DD2B3992-420E-4E32-8854-9FC0B7A8B3DE} = {86B1C091-A46C-4CE5-A088-0409F86443F3}
		{9F3C38E8-13F9-4D0E-BA96-D480C95E2C82} = {86B1C091-A46C-4CE5-A088-0409F86443F3}
		{549F040A-07A3-4F59-9D87-5662282F6012} = {86B1C091-A46C-4CE5-A088-0409F86443F3}
		{D91D8785-C498-4E0F-8260-F18FC46B4783} = {86B1C091-A46C-4CE5-A088-0409F86443F3}
		{83C68D2C-0FA8-4C41-A647-55362D5D10DA} = {DC9C32B8-3AAE-48BD-9365-AEE6A4E277AF}
		{6027C34F-2C9C-4583-AC95-FB964DC468DA} = {86B1C091-A46C-4CE5-A088-0409F86443F3}
	EndGlobalSection
	GlobalSection(ExtensibilityGlobals) = postSolution
		SolutionGuid = {6798C683-14C5-4589-985D-FD1C033C94E5}
	EndGlobalSection
EndGlobal
