
Microsoft Visual Studio Solution File, Format Version 12.00
# Visual Studio 15
VisualStudioVersion = 15.0.27428.2037
MinimumVisualStudioVersion = 10.0.40219.1
Project("{FAE04EC0-301F-11D3-BF4B-00C04F79EFBC}") = "SignalR", "SignalR\SignalR.csproj", "{AC3432B5-7A84-4F9F-897F-CE517C73E747}"
EndProject
Project("{9A19103F-16F7-4668-BE54-9A1E7A4F7556}") = "ML", "ML\ML.csproj", "{68244645-7F83-410E-82F6-5E6129597799}"
EndProject
Project("{2150E333-8FDC-42A3-9474-1A3956D46DE8}") = "Configuration", "Configuration", "{4403EAF3-2260-4EE2-8CBC-BCC60575A240}"
EndProject
Project("{9A19103F-16F7-4668-BE54-9A1E7A4F7556}") = "CommandLineSample", "CommandLineSample\CommandLineSample.csproj", "{4D37612F-D284-4067-BA40-A97E53CC386B}"
EndProject
Project("{9A19103F-16F7-4668-BE54-9A1E7A4F7556}") = "JsonFile", "JsonFile\JsonFile.csproj", "{C9E794C2-77FC-41F1-9FB7-DCB5D3EC81F1}"
EndProject
Project("{9A19103F-16F7-4668-BE54-9A1E7A4F7556}") = "OptonBingSample", "OptonBingSample\OptonBingSample.csproj", "{5AB4D695-6C76-46B0-B67D-BAA05E5DA5F4}"
EndProject
Project("{2150E333-8FDC-42A3-9474-1A3956D46DE8}") = "EventBus", "EventBus", "{51E0C5B5-A36E-4BEF-B97D-AB234CAA4BE2}"
EndProject
Project("{9A19103F-16F7-4668-BE54-9A1E7A4F7556}") = "RabbitMQ", "RabbitMQ\RabbitMQ.csproj", "{81EAE110-725E-420C-896B-6758C94E0DF0}"
EndProject
Project("{2150E333-8FDC-42A3-9474-1A3956D46DE8}") = "服务注册", "服务注册", "{1032FE6E-DEB2-42F5-819D-81EB099F52BC}"
EndProject
Project("{9A19103F-16F7-4668-BE54-9A1E7A4F7556}") = "ConsulDemo", "ConsulDemo\ConsulDemo.csproj", "{9156F3D7-93DB-452B-8BA7-7FAA9C239D6B}"
EndProject
Project("{2150E333-8FDC-42A3-9474-1A3956D46DE8}") = "Gateway", "Gateway", "{86B1C091-A46C-4CE5-A088-0409F86443F3}"
EndProject
Project("{9A19103F-16F7-4668-BE54-9A1E7A4F7556}") = "api1", "api1\api1.csproj", "{E3871E86-D616-4DF1-9468-51918B518BC3}"
EndProject
Project("{9A19103F-16F7-4668-BE54-9A1E7A4F7556}") = "api2", "api2\api2.csproj", "{DD2B3992-420E-4E32-8854-9FC0B7A8B3DE}"
EndProject
Project("{9A19103F-16F7-4668-BE54-9A1E7A4F7556}") = "ConsulDiscovery", "ConsulDiscovery\ConsulDiscovery.csproj", "{9F3C38E8-13F9-4D0E-BA96-D480C95E2C82}"
EndProject
Project("{9A19103F-16F7-4668-BE54-9A1E7A4F7556}") = "Gateway", "WebApplication1\Gateway.csproj", "{549F040A-07A3-4F59-9D87-5662282F6012}"
EndProject
Project("{9A19103F-16F7-4668-BE54-9A1E7A4F7556}") = "api3", "api3\api3.csproj", "{D91D8785-C498-4E0F-8260-F18FC46B4783}"
EndProject
Project("{2150E333-8FDC-42A3-9474-1A3956D46DE8}") = "Swagger", "Swagger", "{DC9C32B8-3AAE-48BD-9365-AEE6A4E277AF}"
EndProject
Project("{9A19103F-16F7-4668-BE54-9A1E7A4F7556}") = "ApiSwaggerDemo", "ApiSwaggerDemo\ApiSwaggerDemo.csproj", "{83C68D2C-0FA8-4C41-A647-55362D5D10DA}"
EndProject
Project("{9A19103F-16F7-4668-BE54-9A1E7A4F7556}") = "Clients", "Clients\Clients.csproj", "{6027C34F-2C9C-4583-AC95-FB964DC468DA}"
EndProject
Project("{2150E333-8FDC-42A3-9474-1A3956D46DE8}") = "性能监控", "性能监控", "{0442BBED-394D-4051-9A4C-7131D8EBE836}"
EndProject
Project("{9A19103F-16F7-4668-BE54-9A1E7A4F7556}") = "ConsoleApp2.1", "ConsoleApp2.1\ConsoleApp2.1.csproj", "{33ABF82F-984D-4234-8148-2B6D08E83EE5}"
EndProject
Project("{9A19103F-16F7-4668-BE54-9A1E7A4F7556}") = "RabbitMQ2", "RabbitMQ2\RabbitMQ2.csproj", "{2E3EA864-4B03-485A-9700-01C5A123E80D}"
EndProject
Project("{2150E333-8FDC-42A3-9474-1A3956D46DE8}") = "ServiceFabric", "ServiceFabric", "{5C4B591F-946F-4367-BDCD-EF2C6B130FDE}"
EndProject
Project("{A07B5EB6-E848-4116-A8D0-A826331D98C6}") = "Voting", "Voting\Voting.sfproj", "{DD3E150F-138F-4E89-85A7-A2EE5AB3B33D}"
EndProject
Project("{9A19103F-16F7-4668-BE54-9A1E7A4F7556}") = "VotingWeb", "VotingWeb\VotingWeb.csproj", "{E7EFBBCC-8C60-4F7F-95B6-601337343AFB}"
EndProject
Project("{9A19103F-16F7-4668-BE54-9A1E7A4F7556}") = "VotingData", "VotingData\VotingData.csproj", "{539FCD7E-0EFE-4B1D-85E5-EB8E08AE551A}"
EndProject
Project("{2150E333-8FDC-42A3-9474-1A3956D46DE8}") = "数据通讯", "数据通讯", "{D962E5B1-3153-46B5-9016-56BCC96B0907}"
EndProject
Project("{2150E333-8FDC-42A3-9474-1A3956D46DE8}") = "Tools", "Tools", "{7B796134-FF47-4546-A74F-41806AF655A4}"
	ProjectSection(SolutionItems) = preProject
		..\..\..\..\BaiduNetdiskDownload\protobuf工具集prot配置源文件.zip = ..\..\..\..\BaiduNetdiskDownload\protobuf工具集prot配置源文件.zip
	EndProjectSection
EndProject
Project("{9A19103F-16F7-4668-BE54-9A1E7A4F7556}") = "ProtoBufDemo", "ProtoBufDemo\ProtoBufDemo.csproj", "{59F15E47-174F-46F8-A8C6-D797B59411AF}"
EndProject
Project("{2150E333-8FDC-42A3-9474-1A3956D46DE8}") = "AOP", "AOP", "{E804144B-6BFA-45C9-BEDB-F269F1A77B02}"
EndProject
Project("{9A19103F-16F7-4668-BE54-9A1E7A4F7556}") = "ConsoleAppPostSharp", "ConsoleApp1\ConsoleAppPostSharp.csproj", "{A43CBAF2-FB3D-4E00-A396-E085FC5632F7}"
EndProject
Project("{9A19103F-16F7-4668-BE54-9A1E7A4F7556}") = "ConsoleAppAspect", "ConsoleAppAspect\ConsoleAppAspect.csproj", "{A844E1B3-23CB-40FB-B003-2E249CFBDDDA}"
EndProject
Project("{9A19103F-16F7-4668-BE54-9A1E7A4F7556}") = "AspectCoreDemo", "AspectCoreDemo\AspectCoreDemo.csproj", "{08CB66CD-B0A8-484B-83A9-1568930FAFF2}"
EndProject
Project("{9A19103F-16F7-4668-BE54-9A1E7A4F7556}") = "MediatRDemo", "MediatRDemo\MediatRDemo.csproj", "{66EC6BFB-80D8-43A3-8F7B-13FF47F94A09}"
EndProject
Project("{2150E333-8FDC-42A3-9474-1A3956D46DE8}") = "AI", "AI", "{797AC296-61C7-48CE-A532-CDD5DF812AC5}"
EndProject
Project("{9A19103F-16F7-4668-BE54-9A1E7A4F7556}") = "BaiduAIDemo", "BaiduAIDemo\BaiduAIDemo.csproj", "{C5C32600-67A5-4065-80B5-FAD3166788A6}"
EndProject
Project("{FAE04EC0-301F-11D3-BF4B-00C04F79EFBC}") = "WindowsFormsApp1", "WindowsFormsApp1\WindowsFormsApp1.csproj", "{E2DF7FCA-85EA-4605-946C-D6375651BFBE}"
EndProject
Project("{FAE04EC0-301F-11D3-BF4B-00C04F79EFBC}") = "WinFormKeyInput", "WinFormKeyInput\WinFormKeyInput.csproj", "{9354AA2C-CCE3-40A1-BF0B-B8D922F36053}"
EndProject
Project("{2150E333-8FDC-42A3-9474-1A3956D46DE8}") = "Polly", "Polly", "{6781875A-DA23-4E7D-8215-74D2889E7F4A}"
EndProject
Project("{FAE04EC0-301F-11D3-BF4B-00C04F79EFBC}") = "PollyDemo", "PollyDemo\PollyDemo.csproj", "{9CF1A327-4439-4992-AB6E-377A2E00E62B}"
EndProject
Global
	GlobalSection(SolutionConfigurationPlatforms) = preSolution
		Debug|Any CPU = Debug|Any CPU
		Debug|x64 = Debug|x64
		Release|Any CPU = Release|Any CPU
		Release|x64 = Release|x64
	EndGlobalSection
	GlobalSection(ProjectConfigurationPlatforms) = postSolution
		{AC3432B5-7A84-4F9F-897F-CE517C73E747}.Debug|Any CPU.ActiveCfg = Debug|Any CPU
		{AC3432B5-7A84-4F9F-897F-CE517C73E747}.Debug|Any CPU.Build.0 = Debug|Any CPU
		{AC3432B5-7A84-4F9F-897F-CE517C73E747}.Debug|x64.ActiveCfg = Debug|Any CPU
		{AC3432B5-7A84-4F9F-897F-CE517C73E747}.Debug|x64.Build.0 = Debug|Any CPU
		{AC3432B5-7A84-4F9F-897F-CE517C73E747}.Release|Any CPU.ActiveCfg = Release|Any CPU
		{AC3432B5-7A84-4F9F-897F-CE517C73E747}.Release|Any CPU.Build.0 = Release|Any CPU
		{AC3432B5-7A84-4F9F-897F-CE517C73E747}.Release|x64.ActiveCfg = Release|Any CPU
		{AC3432B5-7A84-4F9F-897F-CE517C73E747}.Release|x64.Build.0 = Release|Any CPU
		{68244645-7F83-410E-82F6-5E6129597799}.Debug|Any CPU.ActiveCfg = Debug|Any CPU
		{68244645-7F83-410E-82F6-5E6129597799}.Debug|Any CPU.Build.0 = Debug|Any CPU
		{68244645-7F83-410E-82F6-5E6129597799}.Debug|x64.ActiveCfg = Debug|Any CPU
		{68244645-7F83-410E-82F6-5E6129597799}.Debug|x64.Build.0 = Debug|Any CPU
		{68244645-7F83-410E-82F6-5E6129597799}.Release|Any CPU.ActiveCfg = Release|Any CPU
		{68244645-7F83-410E-82F6-5E6129597799}.Release|Any CPU.Build.0 = Release|Any CPU
		{68244645-7F83-410E-82F6-5E6129597799}.Release|x64.ActiveCfg = Release|Any CPU
		{68244645-7F83-410E-82F6-5E6129597799}.Release|x64.Build.0 = Release|Any CPU
		{4D37612F-D284-4067-BA40-A97E53CC386B}.Debug|Any CPU.ActiveCfg = Debug|Any CPU
		{4D37612F-D284-4067-BA40-A97E53CC386B}.Debug|Any CPU.Build.0 = Debug|Any CPU
		{4D37612F-D284-4067-BA40-A97E53CC386B}.Debug|x64.ActiveCfg = Debug|Any CPU
		{4D37612F-D284-4067-BA40-A97E53CC386B}.Debug|x64.Build.0 = Debug|Any CPU
		{4D37612F-D284-4067-BA40-A97E53CC386B}.Release|Any CPU.ActiveCfg = Release|Any CPU
		{4D37612F-D284-4067-BA40-A97E53CC386B}.Release|Any CPU.Build.0 = Release|Any CPU
		{4D37612F-D284-4067-BA40-A97E53CC386B}.Release|x64.ActiveCfg = Release|Any CPU
		{4D37612F-D284-4067-BA40-A97E53CC386B}.Release|x64.Build.0 = Release|Any CPU
		{C9E794C2-77FC-41F1-9FB7-DCB5D3EC81F1}.Debug|Any CPU.ActiveCfg = Debug|Any CPU
		{C9E794C2-77FC-41F1-9FB7-DCB5D3EC81F1}.Debug|Any CPU.Build.0 = Debug|Any CPU
		{C9E794C2-77FC-41F1-9FB7-DCB5D3EC81F1}.Debug|x64.ActiveCfg = Debug|Any CPU
		{C9E794C2-77FC-41F1-9FB7-DCB5D3EC81F1}.Debug|x64.Build.0 = Debug|Any CPU
		{C9E794C2-77FC-41F1-9FB7-DCB5D3EC81F1}.Release|Any CPU.ActiveCfg = Release|Any CPU
		{C9E794C2-77FC-41F1-9FB7-DCB5D3EC81F1}.Release|Any CPU.Build.0 = Release|Any CPU
		{C9E794C2-77FC-41F1-9FB7-DCB5D3EC81F1}.Release|x64.ActiveCfg = Release|Any CPU
		{C9E794C2-77FC-41F1-9FB7-DCB5D3EC81F1}.Release|x64.Build.0 = Release|Any CPU
		{5AB4D695-6C76-46B0-B67D-BAA05E5DA5F4}.Debug|Any CPU.ActiveCfg = Debug|Any CPU
		{5AB4D695-6C76-46B0-B67D-BAA05E5DA5F4}.Debug|Any CPU.Build.0 = Debug|Any CPU
		{5AB4D695-6C76-46B0-B67D-BAA05E5DA5F4}.Debug|x64.ActiveCfg = Debug|Any CPU
		{5AB4D695-6C76-46B0-B67D-BAA05E5DA5F4}.Debug|x64.Build.0 = Debug|Any CPU
		{5AB4D695-6C76-46B0-B67D-BAA05E5DA5F4}.Release|Any CPU.ActiveCfg = Release|Any CPU
		{5AB4D695-6C76-46B0-B67D-BAA05E5DA5F4}.Release|Any CPU.Build.0 = Release|Any CPU
		{5AB4D695-6C76-46B0-B67D-BAA05E5DA5F4}.Release|x64.ActiveCfg = Release|Any CPU
		{5AB4D695-6C76-46B0-B67D-BAA05E5DA5F4}.Release|x64.Build.0 = Release|Any CPU
		{81EAE110-725E-420C-896B-6758C94E0DF0}.Debug|Any CPU.ActiveCfg = Debug|Any CPU
		{81EAE110-725E-420C-896B-6758C94E0DF0}.Debug|Any CPU.Build.0 = Debug|Any CPU
		{81EAE110-725E-420C-896B-6758C94E0DF0}.Debug|x64.ActiveCfg = Debug|Any CPU
		{81EAE110-725E-420C-896B-6758C94E0DF0}.Debug|x64.Build.0 = Debug|Any CPU
		{81EAE110-725E-420C-896B-6758C94E0DF0}.Release|Any CPU.ActiveCfg = Release|Any CPU
		{81EAE110-725E-420C-896B-6758C94E0DF0}.Release|Any CPU.Build.0 = Release|Any CPU
		{81EAE110-725E-420C-896B-6758C94E0DF0}.Release|x64.ActiveCfg = Release|Any CPU
		{81EAE110-725E-420C-896B-6758C94E0DF0}.Release|x64.Build.0 = Release|Any CPU
		{9156F3D7-93DB-452B-8BA7-7FAA9C239D6B}.Debug|Any CPU.ActiveCfg = Debug|Any CPU
		{9156F3D7-93DB-452B-8BA7-7FAA9C239D6B}.Debug|Any CPU.Build.0 = Debug|Any CPU
		{9156F3D7-93DB-452B-8BA7-7FAA9C239D6B}.Debug|x64.ActiveCfg = Debug|Any CPU
		{9156F3D7-93DB-452B-8BA7-7FAA9C239D6B}.Debug|x64.Build.0 = Debug|Any CPU
		{9156F3D7-93DB-452B-8BA7-7FAA9C239D6B}.Release|Any CPU.ActiveCfg = Release|Any CPU
		{9156F3D7-93DB-452B-8BA7-7FAA9C239D6B}.Release|Any CPU.Build.0 = Release|Any CPU
		{9156F3D7-93DB-452B-8BA7-7FAA9C239D6B}.Release|x64.ActiveCfg = Release|Any CPU
		{9156F3D7-93DB-452B-8BA7-7FAA9C239D6B}.Release|x64.Build.0 = Release|Any CPU
		{E3871E86-D616-4DF1-9468-51918B518BC3}.Debug|Any CPU.ActiveCfg = Debug|Any CPU
		{E3871E86-D616-4DF1-9468-51918B518BC3}.Debug|Any CPU.Build.0 = Debug|Any CPU
		{E3871E86-D616-4DF1-9468-51918B518BC3}.Debug|x64.ActiveCfg = Debug|Any CPU
		{E3871E86-D616-4DF1-9468-51918B518BC3}.Debug|x64.Build.0 = Debug|Any CPU
		{E3871E86-D616-4DF1-9468-51918B518BC3}.Release|Any CPU.ActiveCfg = Release|Any CPU
		{E3871E86-D616-4DF1-9468-51918B518BC3}.Release|Any CPU.Build.0 = Release|Any CPU
		{E3871E86-D616-4DF1-9468-51918B518BC3}.Release|x64.ActiveCfg = Release|Any CPU
		{E3871E86-D616-4DF1-9468-51918B518BC3}.Release|x64.Build.0 = Release|Any CPU
		{DD2B3992-420E-4E32-8854-9FC0B7A8B3DE}.Debug|Any CPU.ActiveCfg = Debug|Any CPU
		{DD2B3992-420E-4E32-8854-9FC0B7A8B3DE}.Debug|Any CPU.Build.0 = Debug|Any CPU
		{DD2B3992-420E-4E32-8854-9FC0B7A8B3DE}.Debug|x64.ActiveCfg = Debug|Any CPU
		{DD2B3992-420E-4E32-8854-9FC0B7A8B3DE}.Debug|x64.Build.0 = Debug|Any CPU
		{DD2B3992-420E-4E32-8854-9FC0B7A8B3DE}.Release|Any CPU.ActiveCfg = Release|Any CPU
		{DD2B3992-420E-4E32-8854-9FC0B7A8B3DE}.Release|Any CPU.Build.0 = Release|Any CPU
		{DD2B3992-420E-4E32-8854-9FC0B7A8B3DE}.Release|x64.ActiveCfg = Release|Any CPU
		{DD2B3992-420E-4E32-8854-9FC0B7A8B3DE}.Release|x64.Build.0 = Release|Any CPU
		{9F3C38E8-13F9-4D0E-BA96-D480C95E2C82}.Debug|Any CPU.ActiveCfg = Debug|Any CPU
		{9F3C38E8-13F9-4D0E-BA96-D480C95E2C82}.Debug|Any CPU.Build.0 = Debug|Any CPU
		{9F3C38E8-13F9-4D0E-BA96-D480C95E2C82}.Debug|x64.ActiveCfg = Debug|Any CPU
		{9F3C38E8-13F9-4D0E-BA96-D480C95E2C82}.Debug|x64.Build.0 = Debug|Any CPU
		{9F3C38E8-13F9-4D0E-BA96-D480C95E2C82}.Release|Any CPU.ActiveCfg = Release|Any CPU
		{9F3C38E8-13F9-4D0E-BA96-D480C95E2C82}.Release|Any CPU.Build.0 = Release|Any CPU
		{9F3C38E8-13F9-4D0E-BA96-D480C95E2C82}.Release|x64.ActiveCfg = Release|Any CPU
		{9F3C38E8-13F9-4D0E-BA96-D480C95E2C82}.Release|x64.Build.0 = Release|Any CPU
		{549F040A-07A3-4F59-9D87-5662282F6012}.Debug|Any CPU.ActiveCfg = Debug|Any CPU
		{549F040A-07A3-4F59-9D87-5662282F6012}.Debug|Any CPU.Build.0 = Debug|Any CPU
		{549F040A-07A3-4F59-9D87-5662282F6012}.Debug|x64.ActiveCfg = Debug|Any CPU
		{549F040A-07A3-4F59-9D87-5662282F6012}.Debug|x64.Build.0 = Debug|Any CPU
		{549F040A-07A3-4F59-9D87-5662282F6012}.Release|Any CPU.ActiveCfg = Release|Any CPU
		{549F040A-07A3-4F59-9D87-5662282F6012}.Release|Any CPU.Build.0 = Release|Any CPU
		{549F040A-07A3-4F59-9D87-5662282F6012}.Release|x64.ActiveCfg = Release|Any CPU
		{549F040A-07A3-4F59-9D87-5662282F6012}.Release|x64.Build.0 = Release|Any CPU
		{D91D8785-C498-4E0F-8260-F18FC46B4783}.Debug|Any CPU.ActiveCfg = Debug|Any CPU
		{D91D8785-C498-4E0F-8260-F18FC46B4783}.Debug|Any CPU.Build.0 = Debug|Any CPU
		{D91D8785-C498-4E0F-8260-F18FC46B4783}.Debug|x64.ActiveCfg = Debug|Any CPU
		{D91D8785-C498-4E0F-8260-F18FC46B4783}.Debug|x64.Build.0 = Debug|Any CPU
		{D91D8785-C498-4E0F-8260-F18FC46B4783}.Release|Any CPU.ActiveCfg = Release|Any CPU
		{D91D8785-C498-4E0F-8260-F18FC46B4783}.Release|Any CPU.Build.0 = Release|Any CPU
		{D91D8785-C498-4E0F-8260-F18FC46B4783}.Release|x64.ActiveCfg = Release|Any CPU
		{D91D8785-C498-4E0F-8260-F18FC46B4783}.Release|x64.Build.0 = Release|Any CPU
		{83C68D2C-0FA8-4C41-A647-55362D5D10DA}.Debug|Any CPU.ActiveCfg = Debug|Any CPU
		{83C68D2C-0FA8-4C41-A647-55362D5D10DA}.Debug|Any CPU.Build.0 = Debug|Any CPU
		{83C68D2C-0FA8-4C41-A647-55362D5D10DA}.Debug|x64.ActiveCfg = Debug|Any CPU
		{83C68D2C-0FA8-4C41-A647-55362D5D10DA}.Debug|x64.Build.0 = Debug|Any CPU
		{83C68D2C-0FA8-4C41-A647-55362D5D10DA}.Release|Any CPU.ActiveCfg = Release|Any CPU
		{83C68D2C-0FA8-4C41-A647-55362D5D10DA}.Release|Any CPU.Build.0 = Release|Any CPU
		{83C68D2C-0FA8-4C41-A647-55362D5D10DA}.Release|x64.ActiveCfg = Release|Any CPU
		{83C68D2C-0FA8-4C41-A647-55362D5D10DA}.Release|x64.Build.0 = Release|Any CPU
		{6027C34F-2C9C-4583-AC95-FB964DC468DA}.Debug|Any CPU.ActiveCfg = Debug|Any CPU
		{6027C34F-2C9C-4583-AC95-FB964DC468DA}.Debug|Any CPU.Build.0 = Debug|Any CPU
		{6027C34F-2C9C-4583-AC95-FB964DC468DA}.Debug|x64.ActiveCfg = Debug|Any CPU
		{6027C34F-2C9C-4583-AC95-FB964DC468DA}.Debug|x64.Build.0 = Debug|Any CPU
		{6027C34F-2C9C-4583-AC95-FB964DC468DA}.Release|Any CPU.ActiveCfg = Release|Any CPU
		{6027C34F-2C9C-4583-AC95-FB964DC468DA}.Release|Any CPU.Build.0 = Release|Any CPU
		{6027C34F-2C9C-4583-AC95-FB964DC468DA}.Release|x64.ActiveCfg = Release|Any CPU
		{6027C34F-2C9C-4583-AC95-FB964DC468DA}.Release|x64.Build.0 = Release|Any CPU
		{33ABF82F-984D-4234-8148-2B6D08E83EE5}.Debug|Any CPU.ActiveCfg = Debug|Any CPU
		{33ABF82F-984D-4234-8148-2B6D08E83EE5}.Debug|Any CPU.Build.0 = Debug|Any CPU
		{33ABF82F-984D-4234-8148-2B6D08E83EE5}.Debug|x64.ActiveCfg = Debug|Any CPU
		{33ABF82F-984D-4234-8148-2B6D08E83EE5}.Debug|x64.Build.0 = Debug|Any CPU
		{33ABF82F-984D-4234-8148-2B6D08E83EE5}.Release|Any CPU.ActiveCfg = Release|Any CPU
		{33ABF82F-984D-4234-8148-2B6D08E83EE5}.Release|Any CPU.Build.0 = Release|Any CPU
		{33ABF82F-984D-4234-8148-2B6D08E83EE5}.Release|x64.ActiveCfg = Release|Any CPU
		{33ABF82F-984D-4234-8148-2B6D08E83EE5}.Release|x64.Build.0 = Release|Any CPU
		{2E3EA864-4B03-485A-9700-01C5A123E80D}.Debug|Any CPU.ActiveCfg = Debug|Any CPU
		{2E3EA864-4B03-485A-9700-01C5A123E80D}.Debug|Any CPU.Build.0 = Debug|Any CPU
		{2E3EA864-4B03-485A-9700-01C5A123E80D}.Debug|x64.ActiveCfg = Debug|Any CPU
		{2E3EA864-4B03-485A-9700-01C5A123E80D}.Debug|x64.Build.0 = Debug|Any CPU
		{2E3EA864-4B03-485A-9700-01C5A123E80D}.Release|Any CPU.ActiveCfg = Release|Any CPU
		{2E3EA864-4B03-485A-9700-01C5A123E80D}.Release|Any CPU.Build.0 = Release|Any CPU
		{2E3EA864-4B03-485A-9700-01C5A123E80D}.Release|x64.ActiveCfg = Release|Any CPU
		{2E3EA864-4B03-485A-9700-01C5A123E80D}.Release|x64.Build.0 = Release|Any CPU
		{DD3E150F-138F-4E89-85A7-A2EE5AB3B33D}.Debug|Any CPU.ActiveCfg = Debug|x64
		{DD3E150F-138F-4E89-85A7-A2EE5AB3B33D}.Debug|x64.ActiveCfg = Debug|x64
		{DD3E150F-138F-4E89-85A7-A2EE5AB3B33D}.Debug|x64.Build.0 = Debug|x64
		{DD3E150F-138F-4E89-85A7-A2EE5AB3B33D}.Debug|x64.Deploy.0 = Debug|x64
		{DD3E150F-138F-4E89-85A7-A2EE5AB3B33D}.Release|Any CPU.ActiveCfg = Release|x64
		{DD3E150F-138F-4E89-85A7-A2EE5AB3B33D}.Release|x64.ActiveCfg = Release|x64
		{DD3E150F-138F-4E89-85A7-A2EE5AB3B33D}.Release|x64.Build.0 = Release|x64
		{DD3E150F-138F-4E89-85A7-A2EE5AB3B33D}.Release|x64.Deploy.0 = Release|x64
		{E7EFBBCC-8C60-4F7F-95B6-601337343AFB}.Debug|Any CPU.ActiveCfg = Debug|Any CPU
		{E7EFBBCC-8C60-4F7F-95B6-601337343AFB}.Debug|Any CPU.Build.0 = Debug|Any CPU
		{E7EFBBCC-8C60-4F7F-95B6-601337343AFB}.Debug|x64.ActiveCfg = Debug|Any CPU
		{E7EFBBCC-8C60-4F7F-95B6-601337343AFB}.Debug|x64.Build.0 = Debug|Any CPU
		{E7EFBBCC-8C60-4F7F-95B6-601337343AFB}.Release|Any CPU.ActiveCfg = Release|Any CPU
		{E7EFBBCC-8C60-4F7F-95B6-601337343AFB}.Release|Any CPU.Build.0 = Release|Any CPU
		{E7EFBBCC-8C60-4F7F-95B6-601337343AFB}.Release|x64.ActiveCfg = Release|Any CPU
		{E7EFBBCC-8C60-4F7F-95B6-601337343AFB}.Release|x64.Build.0 = Release|Any CPU
		{539FCD7E-0EFE-4B1D-85E5-EB8E08AE551A}.Debug|Any CPU.ActiveCfg = Debug|Any CPU
		{539FCD7E-0EFE-4B1D-85E5-EB8E08AE551A}.Debug|Any CPU.Build.0 = Debug|Any CPU
		{539FCD7E-0EFE-4B1D-85E5-EB8E08AE551A}.Debug|x64.ActiveCfg = Debug|Any CPU
		{539FCD7E-0EFE-4B1D-85E5-EB8E08AE551A}.Debug|x64.Build.0 = Debug|Any CPU
		{539FCD7E-0EFE-4B1D-85E5-EB8E08AE551A}.Release|Any CPU.ActiveCfg = Release|Any CPU
		{539FCD7E-0EFE-4B1D-85E5-EB8E08AE551A}.Release|Any CPU.Build.0 = Release|Any CPU
		{539FCD7E-0EFE-4B1D-85E5-EB8E08AE551A}.Release|x64.ActiveCfg = Release|Any CPU
		{539FCD7E-0EFE-4B1D-85E5-EB8E08AE551A}.Release|x64.Build.0 = Release|Any CPU
		{59F15E47-174F-46F8-A8C6-D797B59411AF}.Debug|Any CPU.ActiveCfg = Debug|Any CPU
		{59F15E47-174F-46F8-A8C6-D797B59411AF}.Debug|Any CPU.Build.0 = Debug|Any CPU
		{59F15E47-174F-46F8-A8C6-D797B59411AF}.Debug|x64.ActiveCfg = Debug|Any CPU
		{59F15E47-174F-46F8-A8C6-D797B59411AF}.Debug|x64.Build.0 = Debug|Any CPU
		{59F15E47-174F-46F8-A8C6-D797B59411AF}.Release|Any CPU.ActiveCfg = Release|Any CPU
		{59F15E47-174F-46F8-A8C6-D797B59411AF}.Release|Any CPU.Build.0 = Release|Any CPU
		{59F15E47-174F-46F8-A8C6-D797B59411AF}.Release|x64.ActiveCfg = Release|Any CPU
		{59F15E47-174F-46F8-A8C6-D797B59411AF}.Release|x64.Build.0 = Release|Any CPU
		{A43CBAF2-FB3D-4E00-A396-E085FC5632F7}.Debug|Any CPU.ActiveCfg = Debug|Any CPU
		{A43CBAF2-FB3D-4E00-A396-E085FC5632F7}.Debug|Any CPU.Build.0 = Debug|Any CPU
		{A43CBAF2-FB3D-4E00-A396-E085FC5632F7}.Debug|x64.ActiveCfg = Debug|Any CPU
		{A43CBAF2-FB3D-4E00-A396-E085FC5632F7}.Debug|x64.Build.0 = Debug|Any CPU
		{A43CBAF2-FB3D-4E00-A396-E085FC5632F7}.Release|Any CPU.ActiveCfg = Release|Any CPU
		{A43CBAF2-FB3D-4E00-A396-E085FC5632F7}.Release|Any CPU.Build.0 = Release|Any CPU
		{A43CBAF2-FB3D-4E00-A396-E085FC5632F7}.Release|x64.ActiveCfg = Release|Any CPU
		{A43CBAF2-FB3D-4E00-A396-E085FC5632F7}.Release|x64.Build.0 = Release|Any CPU
		{A844E1B3-23CB-40FB-B003-2E249CFBDDDA}.Debug|Any CPU.ActiveCfg = Debug|Any CPU
		{A844E1B3-23CB-40FB-B003-2E249CFBDDDA}.Debug|Any CPU.Build.0 = Debug|Any CPU
		{A844E1B3-23CB-40FB-B003-2E249CFBDDDA}.Debug|x64.ActiveCfg = Debug|Any CPU
		{A844E1B3-23CB-40FB-B003-2E249CFBDDDA}.Debug|x64.Build.0 = Debug|Any CPU
		{A844E1B3-23CB-40FB-B003-2E249CFBDDDA}.Release|Any CPU.ActiveCfg = Release|Any CPU
		{A844E1B3-23CB-40FB-B003-2E249CFBDDDA}.Release|Any CPU.Build.0 = Release|Any CPU
		{A844E1B3-23CB-40FB-B003-2E249CFBDDDA}.Release|x64.ActiveCfg = Release|Any CPU
		{A844E1B3-23CB-40FB-B003-2E249CFBDDDA}.Release|x64.Build.0 = Release|Any CPU
		{08CB66CD-B0A8-484B-83A9-1568930FAFF2}.Debug|Any CPU.ActiveCfg = Debug|Any CPU
		{08CB66CD-B0A8-484B-83A9-1568930FAFF2}.Debug|Any CPU.Build.0 = Debug|Any CPU
		{08CB66CD-B0A8-484B-83A9-1568930FAFF2}.Debug|x64.ActiveCfg = Debug|Any CPU
		{08CB66CD-B0A8-484B-83A9-1568930FAFF2}.Debug|x64.Build.0 = Debug|Any CPU
		{08CB66CD-B0A8-484B-83A9-1568930FAFF2}.Release|Any CPU.ActiveCfg = Release|Any CPU
		{08CB66CD-B0A8-484B-83A9-1568930FAFF2}.Release|Any CPU.Build.0 = Release|Any CPU
		{08CB66CD-B0A8-484B-83A9-1568930FAFF2}.Release|x64.ActiveCfg = Release|Any CPU
		{08CB66CD-B0A8-484B-83A9-1568930FAFF2}.Release|x64.Build.0 = Release|Any CPU
		{66EC6BFB-80D8-43A3-8F7B-13FF47F94A09}.Debug|Any CPU.ActiveCfg = Debug|Any CPU
		{66EC6BFB-80D8-43A3-8F7B-13FF47F94A09}.Debug|Any CPU.Build.0 = Debug|Any CPU
		{66EC6BFB-80D8-43A3-8F7B-13FF47F94A09}.Debug|x64.ActiveCfg = Debug|Any CPU
		{66EC6BFB-80D8-43A3-8F7B-13FF47F94A09}.Debug|x64.Build.0 = Debug|Any CPU
		{66EC6BFB-80D8-43A3-8F7B-13FF47F94A09}.Release|Any CPU.ActiveCfg = Release|Any CPU
		{66EC6BFB-80D8-43A3-8F7B-13FF47F94A09}.Release|Any CPU.Build.0 = Release|Any CPU
		{66EC6BFB-80D8-43A3-8F7B-13FF47F94A09}.Release|x64.ActiveCfg = Release|Any CPU
		{66EC6BFB-80D8-43A3-8F7B-13FF47F94A09}.Release|x64.Build.0 = Release|Any CPU
		{C5C32600-67A5-4065-80B5-FAD3166788A6}.Debug|Any CPU.ActiveCfg = Debug|Any CPU
		{C5C32600-67A5-4065-80B5-FAD3166788A6}.Debug|Any CPU.Build.0 = Debug|Any CPU
		{C5C32600-67A5-4065-80B5-FAD3166788A6}.Debug|x64.ActiveCfg = Debug|Any CPU
		{C5C32600-67A5-4065-80B5-FAD3166788A6}.Debug|x64.Build.0 = Debug|Any CPU
		{C5C32600-67A5-4065-80B5-FAD3166788A6}.Release|Any CPU.ActiveCfg = Release|Any CPU
		{C5C32600-67A5-4065-80B5-FAD3166788A6}.Release|Any CPU.Build.0 = Release|Any CPU
		{C5C32600-67A5-4065-80B5-FAD3166788A6}.Release|x64.ActiveCfg = Release|Any CPU
		{C5C32600-67A5-4065-80B5-FAD3166788A6}.Release|x64.Build.0 = Release|Any CPU
		{E2DF7FCA-85EA-4605-946C-D6375651BFBE}.Debug|Any CPU.ActiveCfg = Debug|Any CPU
		{E2DF7FCA-85EA-4605-946C-D6375651BFBE}.Debug|Any CPU.Build.0 = Debug|Any CPU
		{E2DF7FCA-85EA-4605-946C-D6375651BFBE}.Debug|x64.ActiveCfg = Debug|Any CPU
		{E2DF7FCA-85EA-4605-946C-D6375651BFBE}.Debug|x64.Build.0 = Debug|Any CPU
		{E2DF7FCA-85EA-4605-946C-D6375651BFBE}.Release|Any CPU.ActiveCfg = Release|Any CPU
		{E2DF7FCA-85EA-4605-946C-D6375651BFBE}.Release|Any CPU.Build.0 = Release|Any CPU
		{E2DF7FCA-85EA-4605-946C-D6375651BFBE}.Release|x64.ActiveCfg = Release|Any CPU
		{E2DF7FCA-85EA-4605-946C-D6375651BFBE}.Release|x64.Build.0 = Release|Any CPU
		{9354AA2C-CCE3-40A1-BF0B-B8D922F36053}.Debug|Any CPU.ActiveCfg = Debug|Any CPU
		{9354AA2C-CCE3-40A1-BF0B-B8D922F36053}.Debug|Any CPU.Build.0 = Debug|Any CPU
		{9354AA2C-CCE3-40A1-BF0B-B8D922F36053}.Debug|x64.ActiveCfg = Debug|Any CPU
		{9354AA2C-CCE3-40A1-BF0B-B8D922F36053}.Debug|x64.Build.0 = Debug|Any CPU
		{9354AA2C-CCE3-40A1-BF0B-B8D922F36053}.Release|Any CPU.ActiveCfg = Release|Any CPU
		{9354AA2C-CCE3-40A1-BF0B-B8D922F36053}.Release|Any CPU.Build.0 = Release|Any CPU
		{9354AA2C-CCE3-40A1-BF0B-B8D922F36053}.Release|x64.ActiveCfg = Release|Any CPU
		{9354AA2C-CCE3-40A1-BF0B-B8D922F36053}.Release|x64.Build.0 = Release|Any CPU
		{9CF1A327-4439-4992-AB6E-377A2E00E62B}.Debug|Any CPU.ActiveCfg = Debug|Any CPU
		{9CF1A327-4439-4992-AB6E-377A2E00E62B}.Debug|Any CPU.Build.0 = Debug|Any CPU
		{9CF1A327-4439-4992-AB6E-377A2E00E62B}.Debug|x64.ActiveCfg = Debug|Any CPU
		{9CF1A327-4439-4992-AB6E-377A2E00E62B}.Debug|x64.Build.0 = Debug|Any CPU
		{9CF1A327-4439-4992-AB6E-377A2E00E62B}.Release|Any CPU.ActiveCfg = Release|Any CPU
		{9CF1A327-4439-4992-AB6E-377A2E00E62B}.Release|Any CPU.Build.0 = Release|Any CPU
		{9CF1A327-4439-4992-AB6E-377A2E00E62B}.Release|x64.ActiveCfg = Release|Any CPU
		{9CF1A327-4439-4992-AB6E-377A2E00E62B}.Release|x64.Build.0 = Release|Any CPU
	EndGlobalSection
	GlobalSection(SolutionProperties) = preSolution
		HideSolutionNode = FALSE
	EndGlobalSection
	GlobalSection(NestedProjects) = preSolution
		{68244645-7F83-410E-82F6-5E6129597799} = {797AC296-61C7-48CE-A532-CDD5DF812AC5}
		{4D37612F-D284-4067-BA40-A97E53CC386B} = {4403EAF3-2260-4EE2-8CBC-BCC60575A240}
		{C9E794C2-77FC-41F1-9FB7-DCB5D3EC81F1} = {4403EAF3-2260-4EE2-8CBC-BCC60575A240}
		{5AB4D695-6C76-46B0-B67D-BAA05E5DA5F4} = {4403EAF3-2260-4EE2-8CBC-BCC60575A240}
		{81EAE110-725E-420C-896B-6758C94E0DF0} = {51E0C5B5-A36E-4BEF-B97D-AB234CAA4BE2}
		{9156F3D7-93DB-452B-8BA7-7FAA9C239D6B} = {1032FE6E-DEB2-42F5-819D-81EB099F52BC}
		{E3871E86-D616-4DF1-9468-51918B518BC3} = {86B1C091-A46C-4CE5-A088-0409F86443F3}
		{DD2B3992-420E-4E32-8854-9FC0B7A8B3DE} = {86B1C091-A46C-4CE5-A088-0409F86443F3}
		{9F3C38E8-13F9-4D0E-BA96-D480C95E2C82} = {86B1C091-A46C-4CE5-A088-0409F86443F3}
		{549F040A-07A3-4F59-9D87-5662282F6012} = {86B1C091-A46C-4CE5-A088-0409F86443F3}
		{D91D8785-C498-4E0F-8260-F18FC46B4783} = {86B1C091-A46C-4CE5-A088-0409F86443F3}
		{83C68D2C-0FA8-4C41-A647-55362D5D10DA} = {DC9C32B8-3AAE-48BD-9365-AEE6A4E277AF}
		{6027C34F-2C9C-4583-AC95-FB964DC468DA} = {86B1C091-A46C-4CE5-A088-0409F86443F3}
		{33ABF82F-984D-4234-8148-2B6D08E83EE5} = {4403EAF3-2260-4EE2-8CBC-BCC60575A240}
		{2E3EA864-4B03-485A-9700-01C5A123E80D} = {51E0C5B5-A36E-4BEF-B97D-AB234CAA4BE2}
		{DD3E150F-138F-4E89-85A7-A2EE5AB3B33D} = {5C4B591F-946F-4367-BDCD-EF2C6B130FDE}
		{E7EFBBCC-8C60-4F7F-95B6-601337343AFB} = {5C4B591F-946F-4367-BDCD-EF2C6B130FDE}
		{539FCD7E-0EFE-4B1D-85E5-EB8E08AE551A} = {5C4B591F-946F-4367-BDCD-EF2C6B130FDE}
		{7B796134-FF47-4546-A74F-41806AF655A4} = {D962E5B1-3153-46B5-9016-56BCC96B0907}
		{59F15E47-174F-46F8-A8C6-D797B59411AF} = {D962E5B1-3153-46B5-9016-56BCC96B0907}
		{A43CBAF2-FB3D-4E00-A396-E085FC5632F7} = {E804144B-6BFA-45C9-BEDB-F269F1A77B02}
		{A844E1B3-23CB-40FB-B003-2E249CFBDDDA} = {E804144B-6BFA-45C9-BEDB-F269F1A77B02}
		{08CB66CD-B0A8-484B-83A9-1568930FAFF2} = {E804144B-6BFA-45C9-BEDB-F269F1A77B02}
		{66EC6BFB-80D8-43A3-8F7B-13FF47F94A09} = {51E0C5B5-A36E-4BEF-B97D-AB234CAA4BE2}
		{C5C32600-67A5-4065-80B5-FAD3166788A6} = {797AC296-61C7-48CE-A532-CDD5DF812AC5}
		{9CF1A327-4439-4992-AB6E-377A2E00E62B} = {6781875A-DA23-4E7D-8215-74D2889E7F4A}
	EndGlobalSection
	GlobalSection(ExtensibilityGlobals) = postSolution
		SolutionGuid = {6798C683-14C5-4589-985D-FD1C033C94E5}
	EndGlobalSection
EndGlobal
